
Microsoft Visual Studio Solution File, Format Version 12.00
# Visual Studio Version 16
VisualStudioVersion = 16.0.30717.126
MinimumVisualStudioVersion = 10.0.40219.1
Project("{2150E333-8FDC-42A3-9474-1A3956D46DE8}") = "Core", "Core", "{AA8072AA-DB5A-408B-A8AC-27C5D8CC318E}"
EndProject
Project("{9A19103F-16F7-4668-BE54-9A1E7A4F7556}") = "HLCS01.Dataprovider", "HLCS01.Dataprovider\HLCS01.Dataprovider.csproj", "{4A0AA260-E0D8-4A5A-8924-CEAFF08AA99A}"
EndProject
Project("{9A19103F-16F7-4668-BE54-9A1E7A4F7556}") = "HLCS01.ServiceCore", "HLCS01.ServiceCore\HLCS01.ServiceCore.csproj", "{C401483A-F1FB-4DF0-A433-DEA8316D2811}"
EndProject
Project("{9A19103F-16F7-4668-BE54-9A1E7A4F7556}") = "HLCS01.Shared", "HLCS01.Shared\HLCS01.Shared.csproj", "{5453AC5B-B207-4330-A35D-56901974C706}"
EndProject
Global
	GlobalSection(SolutionConfigurationPlatforms) = preSolution
		Debug|Any CPU = Debug|Any CPU
		Release|Any CPU = Release|Any CPU
	EndGlobalSection
	GlobalSection(ProjectConfigurationPlatforms) = postSolution
		{4A0AA260-E0D8-4A5A-8924-CEAFF08AA99A}.Debug|Any CPU.ActiveCfg = Debug|Any CPU
		{4A0AA260-E0D8-4A5A-8924-CEAFF08AA99A}.Debug|Any CPU.Build.0 = Debug|Any CPU
		{4A0AA260-E0D8-4A5A-8924-CEAFF08AA99A}.Release|Any CPU.ActiveCfg = Release|Any CPU
		{4A0AA260-E0D8-4A5A-8924-CEAFF08AA99A}.Release|Any CPU.Build.0 = Release|Any CPU
		{C401483A-F1FB-4DF0-A433-DEA8316D2811}.Debug|Any CPU.ActiveCfg = Debug|Any CPU
		{C401483A-F1FB-4DF0-A433-DEA8316D2811}.Debug|Any CPU.Build.0 = Debug|Any CPU
		{C401483A-F1FB-4DF0-A433-DEA8316D2811}.Release|Any CPU.ActiveCfg = Release|Any CPU
		{C401483A-F1FB-4DF0-A433-DEA8316D2811}.Release|Any CPU.Build.0 = Release|Any CPU
		{5453AC5B-B207-4330-A35D-56901974C706}.Debug|Any CPU.ActiveCfg = Debug|Any CPU
		{5453AC5B-B207-4330-A35D-56901974C706}.Debug|Any CPU.Build.0 = Debug|Any CPU
		{5453AC5B-B207-4330-A35D-56901974C706}.Release|Any CPU.ActiveCfg = Release|Any CPU
		{5453AC5B-B207-4330-A35D-56901974C706}.Release|Any CPU.Build.0 = Release|Any CPU
	EndGlobalSection
	GlobalSection(SolutionProperties) = preSolution
		HideSolutionNode = FALSE
	EndGlobalSection
	GlobalSection(NestedProjects) = preSolution
		{4A0AA260-E0D8-4A5A-8924-CEAFF08AA99A} = {AA8072AA-DB5A-408B-A8AC-27C5D8CC318E}
		{C401483A-F1FB-4DF0-A433-DEA8316D2811} = {AA8072AA-DB5A-408B-A8AC-27C5D8CC318E}
		{5453AC5B-B207-4330-A35D-56901974C706} = {AA8072AA-DB5A-408B-A8AC-27C5D8CC318E}
	EndGlobalSection
	GlobalSection(ExtensibilityGlobals) = postSolution
		SolutionGuid = {07BE5305-907C-4665-8EE8-C84CCA19F7A5}
	EndGlobalSection
EndGlobal
